
Microsoft Visual Studio Solution File, Format Version 12.00
# Visual Studio Version 17
VisualStudioVersion = 17.0.31903.59
MinimumVisualStudioVersion = 10.0.40219.1
Project("{FAE04EC0-301F-11D3-BF4B-00C04F79EFBC}") = "JamBase", "JamBase.csproj", "{21954C33-C3BA-4A12-926B-B96305B32A08}"
EndProject
Global
	GlobalSection(SolutionConfigurationPlatforms) = preSolution
		Debug|Any CPU = Debug|Any CPU
		Release|Any CPU = Release|Any CPU
	EndGlobalSection
	GlobalSection(SolutionProperties) = preSolution
		HideSolutionNode = FALSE
	EndGlobalSection
	GlobalSection(ProjectConfigurationPlatforms) = postSolution
		{21954C33-C3BA-4A12-926B-B96305B32A08}.Debug|Any CPU.ActiveCfg = Debug|Any CPU
		{21954C33-C3BA-4A12-926B-B96305B32A08}.Debug|Any CPU.Build.0 = Debug|Any CPU
		{21954C33-C3BA-4A12-926B-B96305B32A08}.Release|Any CPU.ActiveCfg = Release|Any CPU
		{21954C33-C3BA-4A12-926B-B96305B32A08}.Release|Any CPU.Build.0 = Release|Any CPU
		{CB663EDF-35CE-4779-A871-30FC3237B066}.Debug|Any CPU.ActiveCfg = Debug|Any CPU
		{CB663EDF-35CE-4779-A871-30FC3237B066}.Debug|Any CPU.Build.0 = Debug|Any CPU
		{CB663EDF-35CE-4779-A871-30FC3237B066}.Release|Any CPU.ActiveCfg = Release|Any CPU
		{CB663EDF-35CE-4779-A871-30FC3237B066}.Release|Any CPU.Build.0 = Release|Any CPU
	EndGlobalSection
EndGlobal
